
Microsoft Visual Studio Solution File, Format Version 12.00
# Visual Studio Version 17
VisualStudioVersion = 17.13.35919.96 d17.13
MinimumVisualStudioVersion = 10.0.40219.1
Project("{FAE04EC0-301F-11D3-BF4B-00C04F79EFBC}") = "ProyectoLFP", "ProyectoLFP.csproj", "{270C09E7-F718-4F4F-87E2-70FE81EFB97F}"
EndProject
Global
	GlobalSection(SolutionConfigurationPlatforms) = preSolution
		Debug|Any CPU = Debug|Any CPU
		Release|Any CPU = Release|Any CPU
	EndGlobalSection
	GlobalSection(ProjectConfigurationPlatforms) = postSolution
		{270C09E7-F718-4F4F-87E2-70FE81EFB97F}.Debug|Any CPU.ActiveCfg = Debug|Any CPU
		{270C09E7-F718-4F4F-87E2-70FE81EFB97F}.Debug|Any CPU.Build.0 = Debug|Any CPU
		{270C09E7-F718-4F4F-87E2-70FE81EFB97F}.Release|Any CPU.ActiveCfg = Release|Any CPU
		{270C09E7-F718-4F4F-87E2-70FE81EFB97F}.Release|Any CPU.Build.0 = Release|Any CPU
	EndGlobalSection
	GlobalSection(SolutionProperties) = preSolution
		HideSolutionNode = FALSE
	EndGlobalSection
	GlobalSection(ExtensibilityGlobals) = postSolution
		SolutionGuid = {850F4459-946E-4AEA-981A-988391589585}
	EndGlobalSection
EndGlobal
